
Microsoft Visual Studio Solution File, Format Version 12.00
# Visual Studio Version 16
VisualStudioVersion = 16.0.31515.178
MinimumVisualStudioVersion = 10.0.40219.1
Project("{2150E333-8FDC-42A3-9474-1A3956D46DE8}") = "FrontEnd", "FrontEnd", "{340A6FA7-4CC1-4D9B-8B83-043E8639E377}"
EndProject
Project("{FAE04EC0-301F-11D3-BF4B-00C04F79EFBC}") = "Mango.Web", "Mango.Web\Mango.Web.csproj", "{D86A743F-D9A5-4226-8198-07F1DFE05DFD}"
EndProject
Project("{2150E333-8FDC-42A3-9474-1A3956D46DE8}") = "Services", "Services", "{D0DD979E-83B2-4D5C-91F6-01AAD5D40D30}"
EndProject
Project("{FAE04EC0-301F-11D3-BF4B-00C04F79EFBC}") = "Mango.Services.ProductAPI", "Mango.Services.ProductAPI\Mango.Services.ProductAPI.csproj", "{1A776E61-54D2-4427-BD81-152A910E3D23}"
EndProject
Project("{2150E333-8FDC-42A3-9474-1A3956D46DE8}") = "Tests", "Tests", "{DA94E797-1DAE-47D4-99DA-23144CBEAB0C}"
EndProject
Project("{FAE04EC0-301F-11D3-BF4B-00C04F79EFBC}") = "Mano.Services.ProductAPI.Tests", "Mano.Services.ProductAPI.Tests\Mano.Services.ProductAPI.Tests.csproj", "{EFDBFDCF-5815-4DA6-A804-24E5C64526C5}"
EndProject
Project("{FAE04EC0-301F-11D3-BF4B-00C04F79EFBC}") = "Mango.Services.Identity", "Mango.Services.Identity\Mango.Services.Identity.csproj", "{4F8957C6-284B-4ABE-873A-49EE2ADE8274}"
EndProject
Project("{FAE04EC0-301F-11D3-BF4B-00C04F79EFBC}") = "Mango.Services.ShoppingCartAPI", "Mango.Services.ShoppingCartAPI\Mango.Services.ShoppingCartAPI.csproj", "{D99CB123-D644-47FD-9180-D7DA0443BAC2}"
EndProject
Project("{FAE04EC0-301F-11D3-BF4B-00C04F79EFBC}") = "Mango.Services.CouponAPI", "Mango.Services.CouponAPI\Mango.Services.CouponAPI.csproj", "{BD29F072-D4B6-4CEA-AD96-7D60BDCFFE3F}"
EndProject
Project("{2150E333-8FDC-42A3-9474-1A3956D46DE8}") = "Integration", "Integration", "{A34AAA11-C51F-4904-9D89-22646225099F}"
EndProject
Project("{FAE04EC0-301F-11D3-BF4B-00C04F79EFBC}") = "Mango.MessageBus", "Mango.MessageBus\Mango.MessageBus.csproj", "{871B0104-9088-4C84-81B2-7BA6ABFDA301}"
EndProject
Project("{FAE04EC0-301F-11D3-BF4B-00C04F79EFBC}") = "Mango.Services.OrderAPI", "Mango.Services.OrderAPI\Mango.Services.OrderAPI.csproj", "{CF93EF5A-39CC-4815-B6F3-1C857269F87D}"
EndProject
Global
	GlobalSection(SolutionConfigurationPlatforms) = preSolution
		Debug|Any CPU = Debug|Any CPU
		Release|Any CPU = Release|Any CPU
	EndGlobalSection
	GlobalSection(ProjectConfigurationPlatforms) = postSolution
		{D86A743F-D9A5-4226-8198-07F1DFE05DFD}.Debug|Any CPU.ActiveCfg = Debug|Any CPU
		{D86A743F-D9A5-4226-8198-07F1DFE05DFD}.Debug|Any CPU.Build.0 = Debug|Any CPU
		{D86A743F-D9A5-4226-8198-07F1DFE05DFD}.Release|Any CPU.ActiveCfg = Release|Any CPU
		{D86A743F-D9A5-4226-8198-07F1DFE05DFD}.Release|Any CPU.Build.0 = Release|Any CPU
		{1A776E61-54D2-4427-BD81-152A910E3D23}.Debug|Any CPU.ActiveCfg = Debug|Any CPU
		{1A776E61-54D2-4427-BD81-152A910E3D23}.Debug|Any CPU.Build.0 = Debug|Any CPU
		{1A776E61-54D2-4427-BD81-152A910E3D23}.Release|Any CPU.ActiveCfg = Release|Any CPU
		{1A776E61-54D2-4427-BD81-152A910E3D23}.Release|Any CPU.Build.0 = Release|Any CPU
		{EFDBFDCF-5815-4DA6-A804-24E5C64526C5}.Debug|Any CPU.ActiveCfg = Debug|Any CPU
		{EFDBFDCF-5815-4DA6-A804-24E5C64526C5}.Debug|Any CPU.Build.0 = Debug|Any CPU
		{EFDBFDCF-5815-4DA6-A804-24E5C64526C5}.Release|Any CPU.ActiveCfg = Release|Any CPU
		{EFDBFDCF-5815-4DA6-A804-24E5C64526C5}.Release|Any CPU.Build.0 = Release|Any CPU
		{4F8957C6-284B-4ABE-873A-49EE2ADE8274}.Debug|Any CPU.ActiveCfg = Debug|Any CPU
		{4F8957C6-284B-4ABE-873A-49EE2ADE8274}.Debug|Any CPU.Build.0 = Debug|Any CPU
		{4F8957C6-284B-4ABE-873A-49EE2ADE8274}.Release|Any CPU.ActiveCfg = Release|Any CPU
		{4F8957C6-284B-4ABE-873A-49EE2ADE8274}.Release|Any CPU.Build.0 = Release|Any CPU
		{D99CB123-D644-47FD-9180-D7DA0443BAC2}.Debug|Any CPU.ActiveCfg = Debug|Any CPU
		{D99CB123-D644-47FD-9180-D7DA0443BAC2}.Debug|Any CPU.Build.0 = Debug|Any CPU
		{D99CB123-D644-47FD-9180-D7DA0443BAC2}.Release|Any CPU.ActiveCfg = Release|Any CPU
		{D99CB123-D644-47FD-9180-D7DA0443BAC2}.Release|Any CPU.Build.0 = Release|Any CPU
		{BD29F072-D4B6-4CEA-AD96-7D60BDCFFE3F}.Debug|Any CPU.ActiveCfg = Debug|Any CPU
		{BD29F072-D4B6-4CEA-AD96-7D60BDCFFE3F}.Debug|Any CPU.Build.0 = Debug|Any CPU
		{BD29F072-D4B6-4CEA-AD96-7D60BDCFFE3F}.Release|Any CPU.ActiveCfg = Release|Any CPU
		{BD29F072-D4B6-4CEA-AD96-7D60BDCFFE3F}.Release|Any CPU.Build.0 = Release|Any CPU
		{871B0104-9088-4C84-81B2-7BA6ABFDA301}.Debug|Any CPU.ActiveCfg = Debug|Any CPU
		{871B0104-9088-4C84-81B2-7BA6ABFDA301}.Debug|Any CPU.Build.0 = Debug|Any CPU
		{871B0104-9088-4C84-81B2-7BA6ABFDA301}.Release|Any CPU.ActiveCfg = Release|Any CPU
		{871B0104-9088-4C84-81B2-7BA6ABFDA301}.Release|Any CPU.Build.0 = Release|Any CPU
		{CF93EF5A-39CC-4815-B6F3-1C857269F87D}.Debug|Any CPU.ActiveCfg = Debug|Any CPU
		{CF93EF5A-39CC-4815-B6F3-1C857269F87D}.Debug|Any CPU.Build.0 = Debug|Any CPU
		{CF93EF5A-39CC-4815-B6F3-1C857269F87D}.Release|Any CPU.ActiveCfg = Release|Any CPU
		{CF93EF5A-39CC-4815-B6F3-1C857269F87D}.Release|Any CPU.Build.0 = Release|Any CPU
	EndGlobalSection
	GlobalSection(SolutionProperties) = preSolution
		HideSolutionNode = FALSE
	EndGlobalSection
	GlobalSection(NestedProjects) = preSolution
		{D86A743F-D9A5-4226-8198-07F1DFE05DFD} = {340A6FA7-4CC1-4D9B-8B83-043E8639E377}
		{1A776E61-54D2-4427-BD81-152A910E3D23} = {D0DD979E-83B2-4D5C-91F6-01AAD5D40D30}
		{EFDBFDCF-5815-4DA6-A804-24E5C64526C5} = {DA94E797-1DAE-47D4-99DA-23144CBEAB0C}
		{4F8957C6-284B-4ABE-873A-49EE2ADE8274} = {D0DD979E-83B2-4D5C-91F6-01AAD5D40D30}
		{D99CB123-D644-47FD-9180-D7DA0443BAC2} = {D0DD979E-83B2-4D5C-91F6-01AAD5D40D30}
		{BD29F072-D4B6-4CEA-AD96-7D60BDCFFE3F} = {D0DD979E-83B2-4D5C-91F6-01AAD5D40D30}
		{871B0104-9088-4C84-81B2-7BA6ABFDA301} = {A34AAA11-C51F-4904-9D89-22646225099F}
		{CF93EF5A-39CC-4815-B6F3-1C857269F87D} = {D0DD979E-83B2-4D5C-91F6-01AAD5D40D30}
	EndGlobalSection
	GlobalSection(ExtensibilityGlobals) = postSolution
		SolutionGuid = {29991F98-1BBA-4302-894D-9450EB923688}
	EndGlobalSection
EndGlobal
