
Microsoft Visual Studio Solution File, Format Version 12.00
# Visual Studio Version 16
VisualStudioVersion = 16.0.31515.178
MinimumVisualStudioVersion = 10.0.40219.1
Project("{2150E333-8FDC-42A3-9474-1A3956D46DE8}") = "FrontEnd", "FrontEnd", "{340A6FA7-4CC1-4D9B-8B83-043E8639E377}"
EndProject
Project("{FAE04EC0-301F-11D3-BF4B-00C04F79EFBC}") = "Mango.Web", "Mango.Web\Mango.Web.csproj", "{D86A743F-D9A5-4226-8198-07F1DFE05DFD}"
EndProject
Project("{2150E333-8FDC-42A3-9474-1A3956D46DE8}") = "Services", "Services", "{D0DD979E-83B2-4D5C-91F6-01AAD5D40D30}"
EndProject
Project("{FAE04EC0-301F-11D3-BF4B-00C04F79EFBC}") = "Mango.Services.ProductAPI", "Mango.Services.ProductAPI\Mango.Services.ProductAPI.csproj", "{1A776E61-54D2-4427-BD81-152A910E3D23}"
EndProject
Project("{2150E333-8FDC-42A3-9474-1A3956D46DE8}") = "Tests", "Tests", "{DA94E797-1DAE-47D4-99DA-23144CBEAB0C}"
EndProject
Project("{FAE04EC0-301F-11D3-BF4B-00C04F79EFBC}") = "Mano.Services.ProductAPI.Tests", "Mano.Services.ProductAPI.Tests\Mano.Services.ProductAPI.Tests.csproj", "{EFDBFDCF-5815-4DA6-A804-24E5C64526C5}"
EndProject
Project("{FAE04EC0-301F-11D3-BF4B-00C04F79EFBC}") = "Mango.Services.Identity", "Mango.Services.Identity\Mango.Services.Identity.csproj", "{4F8957C6-284B-4ABE-873A-49EE2ADE8274}"
EndProject
Project("{FAE04EC0-301F-11D3-BF4B-00C04F79EFBC}") = "Mango.Services.ShoppingCartAPI", "Mango.Services.ShoppingCartAPI\Mango.Services.ShoppingCartAPI.csproj", "{D99CB123-D644-47FD-9180-D7DA0443BAC2}"
EndProject
Project("{FAE04EC0-301F-11D3-BF4B-00C04F79EFBC}") = "Mango.Services.CouponAPI", "Mango.Services.CouponAPI\Mango.Services.CouponAPI.csproj", "{BD29F072-D4B6-4CEA-AD96-7D60BDCFFE3F}"
EndProject
Project("{2150E333-8FDC-42A3-9474-1A3956D46DE8}") = "Integration", "Integration", "{A34AAA11-C51F-4904-9D89-22646225099F}"
EndProject
Project("{FAE04EC0-301F-11D3-BF4B-00C04F79EFBC}") = "Mango.MessageBus", "Mango.MessageBus\Mango.MessageBus.csproj", "{871B0104-9088-4C84-81B2-7BA6ABFDA301}"
EndProject
Project("{FAE04EC0-301F-11D3-BF4B-00C04F79EFBC}") = "Mango.Services.OrderAPI", "Mango.Services.OrderAPI\Mango.Services.OrderAPI.csproj", "{CF93EF5A-39CC-4815-B6F3-1C857269F87D}"
EndProject
Project("{2150E333-8FDC-42A3-9474-1A3956D46DE8}") = "Payments", "Payments", "{3EE0E698-9E0F-4874-AA8F-288EC212D450}"
EndProject
Project("{FAE04EC0-301F-11D3-BF4B-00C04F79EFBC}") = "PaymentProcessor", "PaymentProcessor\PaymentProcessor.csproj", "{1167F6B3-6E91-4147-9EB9-C419826D2BF6}"
EndProject
Project("{FAE04EC0-301F-11D3-BF4B-00C04F79EFBC}") = "Mango.Services.PaymentAPI", "Mango.Services.PaymentAPI\Mango.Services.PaymentAPI.csproj", "{6993A4FD-E3B5-45EC-9587-34A51223DBEA}"
EndProject
Project("{FAE04EC0-301F-11D3-BF4B-00C04F79EFBC}") = "Mango.Services.Email", "Mango.Services.Email\Mango.Services.Email.csproj", "{965B8CD4-3347-451D-B776-CCD1226CBDD3}"
EndProject
Project("{2150E333-8FDC-42A3-9474-1A3956D46DE8}") = "Gateway", "Gateway", "{FE87C908-586B-42DF-B022-A7148816E369}"
EndProject
Project("{FAE04EC0-301F-11D3-BF4B-00C04F79EFBC}") = "Mango.GatewaySolution", "Mango.GatewaySolution\Mango.GatewaySolution.csproj", "{2FBA95FC-E9BF-4206-B2E2-43BADB8FD877}"
EndProject
Global
	GlobalSection(SolutionConfigurationPlatforms) = preSolution
		Debug|Any CPU = Debug|Any CPU
		Release|Any CPU = Release|Any CPU
	EndGlobalSection
	GlobalSection(ProjectConfigurationPlatforms) = postSolution
		{D86A743F-D9A5-4226-8198-07F1DFE05DFD}.Debug|Any CPU.ActiveCfg = Debug|Any CPU
		{D86A743F-D9A5-4226-8198-07F1DFE05DFD}.Debug|Any CPU.Build.0 = Debug|Any CPU
		{D86A743F-D9A5-4226-8198-07F1DFE05DFD}.Release|Any CPU.ActiveCfg = Release|Any CPU
		{D86A743F-D9A5-4226-8198-07F1DFE05DFD}.Release|Any CPU.Build.0 = Release|Any CPU
		{1A776E61-54D2-4427-BD81-152A910E3D23}.Debug|Any CPU.ActiveCfg = Debug|Any CPU
		{1A776E61-54D2-4427-BD81-152A910E3D23}.Debug|Any CPU.Build.0 = Debug|Any CPU
		{1A776E61-54D2-4427-BD81-152A910E3D23}.Release|Any CPU.ActiveCfg = Release|Any CPU
		{1A776E61-54D2-4427-BD81-152A910E3D23}.Release|Any CPU.Build.0 = Release|Any CPU
		{EFDBFDCF-5815-4DA6-A804-24E5C64526C5}.Debug|Any CPU.ActiveCfg = Debug|Any CPU
		{EFDBFDCF-5815-4DA6-A804-24E5C64526C5}.Debug|Any CPU.Build.0 = Debug|Any CPU
		{EFDBFDCF-5815-4DA6-A804-24E5C64526C5}.Release|Any CPU.ActiveCfg = Release|Any CPU
		{EFDBFDCF-5815-4DA6-A804-24E5C64526C5}.Release|Any CPU.Build.0 = Release|Any CPU
		{4F8957C6-284B-4ABE-873A-49EE2ADE8274}.Debug|Any CPU.ActiveCfg = Debug|Any CPU
		{4F8957C6-284B-4ABE-873A-49EE2ADE8274}.Debug|Any CPU.Build.0 = Debug|Any CPU
		{4F8957C6-284B-4ABE-873A-49EE2ADE8274}.Release|Any CPU.ActiveCfg = Release|Any CPU
		{4F8957C6-284B-4ABE-873A-49EE2ADE8274}.Release|Any CPU.Build.0 = Release|Any CPU
		{D99CB123-D644-47FD-9180-D7DA0443BAC2}.Debug|Any CPU.ActiveCfg = Debug|Any CPU
		{D99CB123-D644-47FD-9180-D7DA0443BAC2}.Debug|Any CPU.Build.0 = Debug|Any CPU
		{D99CB123-D644-47FD-9180-D7DA0443BAC2}.Release|Any CPU.ActiveCfg = Release|Any CPU
		{D99CB123-D644-47FD-9180-D7DA0443BAC2}.Release|Any CPU.Build.0 = Release|Any CPU
		{BD29F072-D4B6-4CEA-AD96-7D60BDCFFE3F}.Debug|Any CPU.ActiveCfg = Debug|Any CPU
		{BD29F072-D4B6-4CEA-AD96-7D60BDCFFE3F}.Debug|Any CPU.Build.0 = Debug|Any CPU
		{BD29F072-D4B6-4CEA-AD96-7D60BDCFFE3F}.Release|Any CPU.ActiveCfg = Release|Any CPU
		{BD29F072-D4B6-4CEA-AD96-7D60BDCFFE3F}.Release|Any CPU.Build.0 = Release|Any CPU
		{871B0104-9088-4C84-81B2-7BA6ABFDA301}.Debug|Any CPU.ActiveCfg = Debug|Any CPU
		{871B0104-9088-4C84-81B2-7BA6ABFDA301}.Debug|Any CPU.Build.0 = Debug|Any CPU
		{871B0104-9088-4C84-81B2-7BA6ABFDA301}.Release|Any CPU.ActiveCfg = Release|Any CPU
		{871B0104-9088-4C84-81B2-7BA6ABFDA301}.Release|Any CPU.Build.0 = Release|Any CPU
		{CF93EF5A-39CC-4815-B6F3-1C857269F87D}.Debug|Any CPU.ActiveCfg = Debug|Any CPU
		{CF93EF5A-39CC-4815-B6F3-1C857269F87D}.Debug|Any CPU.Build.0 = Debug|Any CPU
		{CF93EF5A-39CC-4815-B6F3-1C857269F87D}.Release|Any CPU.ActiveCfg = Release|Any CPU
		{CF93EF5A-39CC-4815-B6F3-1C857269F87D}.Release|Any CPU.Build.0 = Release|Any CPU
		{1167F6B3-6E91-4147-9EB9-C419826D2BF6}.Debug|Any CPU.ActiveCfg = Debug|Any CPU
		{1167F6B3-6E91-4147-9EB9-C419826D2BF6}.Debug|Any CPU.Build.0 = Debug|Any CPU
		{1167F6B3-6E91-4147-9EB9-C419826D2BF6}.Release|Any CPU.ActiveCfg = Release|Any CPU
		{1167F6B3-6E91-4147-9EB9-C419826D2BF6}.Release|Any CPU.Build.0 = Release|Any CPU
		{6993A4FD-E3B5-45EC-9587-34A51223DBEA}.Debug|Any CPU.ActiveCfg = Debug|Any CPU
		{6993A4FD-E3B5-45EC-9587-34A51223DBEA}.Debug|Any CPU.Build.0 = Debug|Any CPU
		{6993A4FD-E3B5-45EC-9587-34A51223DBEA}.Release|Any CPU.ActiveCfg = Release|Any CPU
		{6993A4FD-E3B5-45EC-9587-34A51223DBEA}.Release|Any CPU.Build.0 = Release|Any CPU
		{965B8CD4-3347-451D-B776-CCD1226CBDD3}.Debug|Any CPU.ActiveCfg = Debug|Any CPU
		{965B8CD4-3347-451D-B776-CCD1226CBDD3}.Debug|Any CPU.Build.0 = Debug|Any CPU
		{965B8CD4-3347-451D-B776-CCD1226CBDD3}.Release|Any CPU.ActiveCfg = Release|Any CPU
		{965B8CD4-3347-451D-B776-CCD1226CBDD3}.Release|Any CPU.Build.0 = Release|Any CPU
		{2FBA95FC-E9BF-4206-B2E2-43BADB8FD877}.Debug|Any CPU.ActiveCfg = Debug|Any CPU
		{2FBA95FC-E9BF-4206-B2E2-43BADB8FD877}.Debug|Any CPU.Build.0 = Debug|Any CPU
		{2FBA95FC-E9BF-4206-B2E2-43BADB8FD877}.Release|Any CPU.ActiveCfg = Release|Any CPU
		{2FBA95FC-E9BF-4206-B2E2-43BADB8FD877}.Release|Any CPU.Build.0 = Release|Any CPU
	EndGlobalSection
	GlobalSection(SolutionProperties) = preSolution
		HideSolutionNode = FALSE
	EndGlobalSection
	GlobalSection(NestedProjects) = preSolution
		{D86A743F-D9A5-4226-8198-07F1DFE05DFD} = {340A6FA7-4CC1-4D9B-8B83-043E8639E377}
		{1A776E61-54D2-4427-BD81-152A910E3D23} = {D0DD979E-83B2-4D5C-91F6-01AAD5D40D30}
		{EFDBFDCF-5815-4DA6-A804-24E5C64526C5} = {DA94E797-1DAE-47D4-99DA-23144CBEAB0C}
		{4F8957C6-284B-4ABE-873A-49EE2ADE8274} = {D0DD979E-83B2-4D5C-91F6-01AAD5D40D30}
		{D99CB123-D644-47FD-9180-D7DA0443BAC2} = {D0DD979E-83B2-4D5C-91F6-01AAD5D40D30}
		{BD29F072-D4B6-4CEA-AD96-7D60BDCFFE3F} = {D0DD979E-83B2-4D5C-91F6-01AAD5D40D30}
		{871B0104-9088-4C84-81B2-7BA6ABFDA301} = {A34AAA11-C51F-4904-9D89-22646225099F}
		{CF93EF5A-39CC-4815-B6F3-1C857269F87D} = {D0DD979E-83B2-4D5C-91F6-01AAD5D40D30}
		{1167F6B3-6E91-4147-9EB9-C419826D2BF6} = {3EE0E698-9E0F-4874-AA8F-288EC212D450}
		{6993A4FD-E3B5-45EC-9587-34A51223DBEA} = {D0DD979E-83B2-4D5C-91F6-01AAD5D40D30}
		{965B8CD4-3347-451D-B776-CCD1226CBDD3} = {D0DD979E-83B2-4D5C-91F6-01AAD5D40D30}
		{2FBA95FC-E9BF-4206-B2E2-43BADB8FD877} = {FE87C908-586B-42DF-B022-A7148816E369}
	EndGlobalSection
	GlobalSection(ExtensibilityGlobals) = postSolution
		SolutionGuid = {29991F98-1BBA-4302-894D-9450EB923688}
	EndGlobalSection
EndGlobal
